{
  "name": "maolu",
  "version": "1.0.0",
  "lockfileVersion": 1,
  "requires": true,
  "dependencies": {
    "@uirouter/core": {
      "version": "5.0.21",
      "resolved": "https://registry.npmjs.org/@uirouter/core/-/core-5.0.21.tgz",
      "integrity": "sha512-QWHc0wT00qtYNkT0BXZaFNLLHZyux0qJjF8c2WklW5/Q0Z866NoJjJErEMWjQb/AR+olkR2NlfEEi8KTQU2OpA==",
      "dev": true
    },
    "angular": {
      "version": "1.7.6",
      "resolved": "https://registry.npmjs.org/angular/-/angular-1.7.6.tgz",
      "integrity": "sha512-QELpvuMIe1FTGniAkRz93O6A+di0yu88niDwcdzrSqtUHNtZMgtgFS4f7W/6Gugbuwej8Kyswlmymwdp8iPCWg==",
      "dev": true
    },
    "angular-ui-router": {
      "version": "1.0.20",
      "resolved": "https://registry.npmjs.org/angular-ui-router/-/angular-ui-router-1.0.20.tgz",
      "integrity": "sha512-D9Y+qOq6StinrlyeiHp7wbOBL5UbwaHW1dgpfQZ6fWuQ5Q5UOrJfe3S28XWDt8ybOKaUh2ds/IFXib5vCu8Opg==",
      "dev": true,
      "requires": {
        "@uirouter/core": "5.0.21"
      }
    }
  }
}
